[[package]]
name = "appdirs"
version = "1.4.4"
description = "A small Python module for determining appropriate platform-specific dirs, e.g. a \"user data dir\"."
category = "main"
optional = false
python-versions = "*"

[[package]]
name = "asgiref"
version = "3.6.0"
description = "ASGI specs, helper code, and adapters"
category = "main"
optional = false
python-versions = ">=3.7"

[package.extras]
tests = ["pytest", "pytest-asyncio", "mypy (>=0.800)"]

[[package]]
name = "click"
version = "8.1.3"
description = "Composable command line interface toolkit"
category = "main"
optional = false
python-versions = ">=3.7"

[package.dependencies]
colorama = {version = "*", markers = "platform_system == \"Windows\""}

[[package]]
name = "colorama"
version = "0.4.6"
description = "Cross-platform colored terminal text."
category = "main"
optional = false
python-versions = "!=3.0.*,!=3.1.*,!=3.2.*,!=3.3.*,!=3.4.*,!=3.5.*,!=3.6.*,>=2.7"

[[package]]
name = "django"
version = "4.2"
description = "A high-level Python web framework that encourages rapid development and clean, pragmatic design."
category = "main"
optional = false
python-versions = ">=3.8"

[package.dependencies]
asgiref = ">=3.6.0,<4"
sqlparse = ">=0.3.1"
tzdata = {version = "*", markers = "sys_platform == \"win32\""}

[package.extras]
argon2 = ["argon2-cffi (>=19.1.0)"]
bcrypt = ["bcrypt"]

[[package]]
name = "django-debug-toolbar"
version = "4.0.0"
description = "A configurable set of panels that display various debug information about the current request/response."
category = "main"
optional = false
python-versions = ">=3.8"

[package.dependencies]
django = ">=3.2.4"
sqlparse = ">=0.2"

[[package]]
name = "django-ninja"
version = "0.21.0"
description = "Django Ninja - Fast Django REST framework"
category = "main"
optional = false
python-versions = ">=3.7"

[package.dependencies]
Django = ">=2.2"
pydantic = ">=1.6,<2.0.0"

[package.extras]
dev = ["pre-commit"]
doc = ["mkdocs", "mkdocs-material", "markdown-include", "mkdocstrings"]
test = ["pytest", "pytest-cov", "pytest-django", "pytest-asyncio", "psycopg2-binary", "black", "isort", "flake8", "mypy (==0.931)", "django-stubs"]

[[package]]
name = "django-seed"
version = "0.3.1"
description = "Seed your Django project with fake data"
category = "main"
optional = false
python-versions = "*"

[package.dependencies]
django = ">=1.11"
Faker = ">=0.7.7"
toposort = ">=1.5"

[[package]]
name = "djangorestframework"
version = "3.14.0"
description = "Web APIs for Django, made easy."
category = "main"
optional = false
python-versions = ">=3.6"

[package.dependencies]
django = ">=3.0"
pytz = "*"

[[package]]
name = "faker"
version = "18.5.1"
description = "Faker is a Python package that generates fake data for you."
category = "main"
optional = false
python-versions = ">=3.7"

[package.dependencies]
python-dateutil = ">=2.4"

[[package]]
name = "mypy-extensions"
version = "1.0.0"
description = "Type system extensions for programs checked with the mypy type checker."
category = "main"
optional = false
python-versions = ">=3.5"

[[package]]
name = "pathspec"
version = "0.11.1"
description = "Utility library for gitignore style pattern matching of file paths."
category = "main"
optional = false
python-versions = ">=3.7"

[[package]]
name = "psycopg2"
version = "2.9.6"
description = "psycopg2 - Python-PostgreSQL Database Adapter"
category = "main"
optional = false
python-versions = ">=3.6"

[[package]]
name = "pydantic"
version = "1.10.7"
description = "Data validation and settings management using python type hints"
category = "main"
optional = false
python-versions = ">=3.7"

[package.dependencies]
typing-extensions = ">=4.2.0"

[package.extras]
dotenv = ["python-dotenv (>=0.10.4)"]
email = ["email-validator (>=1.0.3)"]

[[package]]
name = "python-dateutil"
version = "2.8.2"
description = "Extensions to the standard Python datetime module"
category = "main"
optional = false
python-versions = "!=3.0.*,!=3.1.*,!=3.2.*,>=2.7"

[package.dependencies]
six = ">=1.5"

[[package]]
name = "python-dotenv"
version = "1.0.0"
description = "Read key-value pairs from a .env file and set them as environment variables"
category = "main"
optional = false
python-versions = ">=3.8"

[package.extras]
cli = ["click (>=5.0)"]

[[package]]
name = "pytz"
version = "2023.3"
description = "World timezone definitions, modern and historical"
category = "main"
optional = false
python-versions = "*"

[[package]]
name = "regex"
version = "2023.3.23"
description = "Alternative regular expression module, to replace re."
category = "main"
optional = false
python-versions = ">=3.8"

[[package]]
name = "six"
version = "1.16.0"
description = "Python 2 and 3 compatibility utilities"
category = "main"
optional = false
python-versions = ">=2.7, !=3.0.*, !=3.1.*, !=3.2.*"

[[package]]
name = "sqlparse"
version = "0.4.4"
description = "A non-validating SQL parser."
category = "main"
optional = false
python-versions = ">=3.5"

[package.extras]
dev = ["flake8", "build"]
doc = ["sphinx"]
test = ["pytest", "pytest-cov"]

[[package]]
name = "text-unidecode"
version = "1.3"
description = "The most basic Text::Unidecode port"
category = "main"
optional = false
python-versions = "*"

[[package]]
name = "toml"
version = "0.10.2"
description = "Python Library for Tom's Obvious, Minimal Language"
category = "main"
optional = false
python-versions = ">=2.6, !=3.0.*, !=3.1.*, !=3.2.*"

[[package]]
name = "toposort"
version = "1.10"
description = "Implements a topological sort algorithm."
category = "main"
optional = false
python-versions = "*"

[[package]]
name = "typing-extensions"
version = "4.5.0"
description = "Backported and Experimental Type Hints for Python 3.7+"
category = "main"
optional = false
python-versions = ">=3.7"

[[package]]
name = "tzdata"
version = "2023.3"
description = "Provider of IANA time zone data"
category = "main"
optional = false
python-versions = ">=2"

[metadata]
lock-version = "1.1"
python-versions = "^3.11"
content-hash = "8286e3885ddc7dfd53a70d4869e832f77a600d9122dc93dc33fa2e5c2c98338e"

[metadata.files]
appdirs = [
    {file = "appdirs-1.4.4-py2.py3-none-any.whl", hash = "sha256:a841dacd6b99318a741b166adb07e19ee71a274450e68237b4650ca1055ab128"},
    {file = "appdirs-1.4.4.tar.gz", hash = "sha256:7d5d0167b2b1ba821647616af46a749d1c653740dd0d2415100fe26e27afdf41"},
]
asgiref = [
    {file = "asgiref-3.6.0-py3-none-any.whl", hash = "sha256:71e68008da809b957b7ee4b43dbccff33d1b23519fb8344e33f049897077afac"},
    {file = "asgiref-3.6.0.tar.gz", hash = "sha256:9567dfe7bd8d3c8c892227827c41cce860b368104c3431da67a0c5a65a949506"},
]
click = [
    {file = "click-8.1.3-py3-none-any.whl", hash = "sha256:bb4d8133cb15a609f44e8213d9b391b0809795062913b383c62be0ee95b1db48"},
    {file = "click-8.1.3.tar.gz", hash = "sha256:7682dc8afb30297001674575ea00d1814d808d6a36af415a82bd481d37ba7b8e"},
]
colorama = [
    {file = "colorama-0.4.6-py2.py3-none-any.whl", hash = "sha256:4f1d9991f5acc0ca119f9d443620b77f9d6b33703e51011c16baf57afb285fc6"},
    {file = "colorama-0.4.6.tar.gz", hash = "sha256:08695f5cb7ed6e0531a20572697297273c47b8cae5a63ffc6d6ed5c201be6e44"},
]
django = [
    {file = "Django-4.2-py3-none-any.whl", hash = "sha256:ad33ed68db9398f5dfb33282704925bce044bef4261cd4fb59e4e7f9ae505a78"},
    {file = "Django-4.2.tar.gz", hash = "sha256:c36e2ab12824e2ac36afa8b2515a70c53c7742f0d6eaefa7311ec379558db997"},
]
django-debug-toolbar = [
    {file = "django_debug_toolbar-4.0.0-py3-none-any.whl", hash = "sha256:bad339d68520652ddc1580c76f136fcbc3e020fd5ed96510a89a02ec81bb3fb1"},
    {file = "django_debug_toolbar-4.0.0.tar.gz", hash = "sha256:89619f6e0ea1057dca47bfc429ed99b237ef70074dabc065a7faa5f00e1459cf"},
]
django-ninja = [
    {file = "django-ninja-0.21.0.tar.gz", hash = "sha256:3ed90fc55877408d5c42ec3d3cec8384c9a0cc7adf2cd66d6669561bed10a485"},
    {file = "django_ninja-0.21.0-py3-none-any.whl", hash = "sha256:b6ed7647212a4647682b134a6f82277ecf02e9d99960777aa75d124685682d25"},
]
django-seed = [
    {file = "django-seed-0.3.1.tar.gz", hash = "sha256:93e65d2c10449c464b83e9031be02763ec10e786aa064d649c4dd5ad06fa0eea"},
]
djangorestframework = [
    {file = "djangorestframework-3.14.0-py3-none-any.whl", hash = "sha256:eb63f58c9f218e1a7d064d17a70751f528ed4e1d35547fdade9aaf4cd103fd08"},
    {file = "djangorestframework-3.14.0.tar.gz", hash = "sha256:579a333e6256b09489cbe0a067e66abe55c6595d8926be6b99423786334350c8"},
]
faker = [
    {file = "Faker-18.5.1-py3-none-any.whl", hash = "sha256:137c6667583b0b458599b11305eed5a486e3932a14cb792b2b5b82ad1ad1a430"},
    {file = "Faker-18.5.1.tar.gz", hash = "sha256:64e9ab619d75684cc0593aa9f336170b0b58fa77c07fc0ebc7b2b1258e53b67d"},
]
mypy-extensions = [
    {file = "mypy_extensions-1.0.0-py3-none-any.whl", hash = "sha256:4392f6c0eb8a5668a69e23d168ffa70f0be9ccfd32b5cc2d26a34ae5b844552d"},
    {file = "mypy_extensions-1.0.0.tar.gz", hash = "sha256:75dbf8955dc00442a438fc4d0666508a9a97b6bd41aa2f0ffe9d2f2725af0782"},
]
pathspec = [
    {file = "pathspec-0.11.1-py3-none-any.whl", hash = "sha256:d8af70af76652554bd134c22b3e8a1cc46ed7d91edcdd721ef1a0c51a84a5293"},
    {file = "pathspec-0.11.1.tar.gz", hash = "sha256:2798de800fa92780e33acca925945e9a19a133b715067cf165b8866c15a31687"},
]
psycopg2 = [
    {file = "psycopg2-2.9.6-cp310-cp310-win32.whl", hash = "sha256:f7a7a5ee78ba7dc74265ba69e010ae89dae635eea0e97b055fb641a01a31d2b1"},
    {file = "psycopg2-2.9.6-cp310-cp310-win_amd64.whl", hash = "sha256:f75001a1cbbe523e00b0ef896a5a1ada2da93ccd752b7636db5a99bc57c44494"},
    {file = "psycopg2-2.9.6-cp311-cp311-win32.whl", hash = "sha256:53f4ad0a3988f983e9b49a5d9765d663bbe84f508ed655affdb810af9d0972ad"},
    {file = "psycopg2-2.9.6-cp311-cp311-win_amd64.whl", hash = "sha256:b81fcb9ecfc584f661b71c889edeae70bae30d3ef74fa0ca388ecda50b1222b7"},
    {file = "psycopg2-2.9.6-cp36-cp36m-win32.whl", hash = "sha256:11aca705ec888e4f4cea97289a0bf0f22a067a32614f6ef64fcf7b8bfbc53744"},
    {file = "psycopg2-2.9.6-cp36-cp36m-win_amd64.whl", hash = "sha256:36c941a767341d11549c0fbdbb2bf5be2eda4caf87f65dfcd7d146828bd27f39"},
    {file = "psycopg2-2.9.6-cp37-cp37m-win32.whl", hash = "sha256:869776630c04f335d4124f120b7fb377fe44b0a7645ab3c34b4ba42516951889"},
    {file = "psycopg2-2.9.6-cp37-cp37m-win_amd64.whl", hash = "sha256:a8ad4a47f42aa6aec8d061fdae21eaed8d864d4bb0f0cade5ad32ca16fcd6258"},
    {file = "psycopg2-2.9.6-cp38-cp38-win32.whl", hash = "sha256:2362ee4d07ac85ff0ad93e22c693d0f37ff63e28f0615a16b6635a645f4b9214"},
    {file = "psycopg2-2.9.6-cp38-cp38-win_amd64.whl", hash = "sha256:d24ead3716a7d093b90b27b3d73459fe8cd90fd7065cf43b3c40966221d8c394"},
    {file = "psycopg2-2.9.6-cp39-cp39-win32.whl", hash = "sha256:1861a53a6a0fd248e42ea37c957d36950da00266378746588eab4f4b5649e95f"},
    {file = "psycopg2-2.9.6-cp39-cp39-win_amd64.whl", hash = "sha256:ded2faa2e6dfb430af7713d87ab4abbfc764d8d7fb73eafe96a24155f906ebf5"},
    {file = "psycopg2-2.9.6.tar.gz", hash = "sha256:f15158418fd826831b28585e2ab48ed8df2d0d98f502a2b4fe619e7d5ca29011"},
]
pydantic = [
    {file = "pydantic-1.10.7-cp310-cp310-macosx_10_9_x86_64.whl", hash = "sha256:e79e999e539872e903767c417c897e729e015872040e56b96e67968c3b918b2d"},
    {file = "pydantic-1.10.7-cp310-cp310-macosx_11_0_arm64.whl", hash = "sha256:01aea3a42c13f2602b7ecbbea484a98169fb568ebd9e247593ea05f01b884b2e"},
    {file = "pydantic-1.10.7-cp310-cp310-manylinux_2_17_x86_64.manylinux2014_x86_64.whl", hash = "sha256:516f1ed9bc2406a0467dd777afc636c7091d71f214d5e413d64fef45174cfc7a"},
    {file = "pydantic-1.10.7-cp310-cp310-manylinux_2_5_i686.manylinux1_i686.manylinux_2_17_i686.manylinux2014_i686.whl", hash = "sha256:ae150a63564929c675d7f2303008d88426a0add46efd76c3fc797cd71cb1b46f"},
    {file = "pydantic-1.10.7-cp310-cp310-musllinux_1_1_i686.whl", hash = "sha256:ecbbc51391248116c0a055899e6c3e7ffbb11fb5e2a4cd6f2d0b93272118a209"},
    {file = "pydantic-1.10.7-cp310-cp310-musllinux_1_1_x86_64.whl", hash = "sha256:f4a2b50e2b03d5776e7f21af73e2070e1b5c0d0df255a827e7c632962f8315af"},
    {file = "pydantic-1.10.7-cp310-cp310-win_amd64.whl", hash = "sha256:a7cd2251439988b413cb0a985c4ed82b6c6aac382dbaff53ae03c4b23a70e80a"},
    {file = "pydantic-1.10.7-cp311-cp311-macosx_10_9_x86_64.whl", hash = "sha256:68792151e174a4aa9e9fc1b4e653e65a354a2fa0fed169f7b3d09902ad2cb6f1"},
    {file = "pydantic-1.10.7-cp311-cp311-macosx_11_0_arm64.whl", hash = "sha256:dfe2507b8ef209da71b6fb5f4e597b50c5a34b78d7e857c4f8f3115effaef5fe"},
    {file = "pydantic-1.10.7-cp311-cp311-manylinux_2_17_x86_64.manylinux2014_x86_64.whl", hash = "sha256:10a86d8c8db68086f1e30a530f7d5f83eb0685e632e411dbbcf2d5c0150e8dcd"},
    {file = "pydantic-1.10.7-cp311-cp311-manylinux_2_5_i686.manylinux1_i686.manylinux_2_17_i686.manylinux2014_i686.whl", hash = "sha256:d75ae19d2a3dbb146b6f324031c24f8a3f52ff5d6a9f22f0683694b3afcb16fb"},
    {file = "pydantic-1.10.7-cp311-cp311-musllinux_1_1_i686.whl", hash = "sha256:464855a7ff7f2cc2cf537ecc421291b9132aa9c79aef44e917ad711b4a93163b"},
    {file = "pydantic-1.10.7-cp311-cp311-musllinux_1_1_x86_64.whl", hash = "sha256:193924c563fae6ddcb71d3f06fa153866423ac1b793a47936656e806b64e24ca"},
    {file = "pydantic-1.10.7-cp311-cp311-win_amd64.whl", hash = "sha256:b4a849d10f211389502059c33332e91327bc154acc1845f375a99eca3afa802d"},
    {file = "pydantic-1.10.7-cp37-cp37m-macosx_10_9_x86_64.whl", hash = "sha256:cc1dde4e50a5fc1336ee0581c1612215bc64ed6d28d2c7c6f25d2fe3e7c3e918"},
    {file = "pydantic-1.10.7-cp37-cp37m-manylinux_2_17_x86_64.manylinux2014_x86_64.whl", hash = "sha256:e0cfe895a504c060e5d36b287ee696e2fdad02d89e0d895f83037245218a87fe"},
    {file = "pydantic-1.10.7-cp37-cp37m-manylinux_2_5_i686.manylinux1_i686.manylinux_2_17_i686.manylinux2014_i686.whl", hash = "sha256:670bb4683ad1e48b0ecb06f0cfe2178dcf74ff27921cdf1606e527d2617a81ee"},
    {file = "pydantic-1.10.7-cp37-cp37m-musllinux_1_1_i686.whl", hash = "sha256:950ce33857841f9a337ce07ddf46bc84e1c4946d2a3bba18f8280297157a3fd1"},
    {file = "pydantic-1.10.7-cp37-cp37m-musllinux_1_1_x86_64.whl", hash = "sha256:c15582f9055fbc1bfe50266a19771bbbef33dd28c45e78afbe1996fd70966c2a"},
    {file = "pydantic-1.10.7-cp37-cp37m-win_amd64.whl", hash = "sha256:82dffb306dd20bd5268fd6379bc4bfe75242a9c2b79fec58e1041fbbdb1f7914"},
    {file = "pydantic-1.10.7-cp38-cp38-macosx_10_9_x86_64.whl", hash = "sha256:8c7f51861d73e8b9ddcb9916ae7ac39fb52761d9ea0df41128e81e2ba42886cd"},
    {file = "pydantic-1.10.7-cp38-cp38-macosx_11_0_arm64.whl", hash = "sha256:6434b49c0b03a51021ade5c4daa7d70c98f7a79e95b551201fff682fc1661245"},
    {file = "pydantic-1.10.7-cp38-cp38-manylinux_2_17_x86_64.manylinux2014_x86_64.whl", hash = "sha256:64d34ab766fa056df49013bb6e79921a0265204c071984e75a09cbceacbbdd5d"},
    {file = "pydantic-1.10.7-cp38-cp38-manylinux_2_5_i686.manylinux1_i686.manylinux_2_17_i686.manylinux2014_i686.whl", hash = "sha256:701daea9ffe9d26f97b52f1d157e0d4121644f0fcf80b443248434958fd03dc3"},
    {file = "pydantic-1.10.7-cp38-cp38-musllinux_1_1_i686.whl", hash = "sha256:cf135c46099ff3f919d2150a948ce94b9ce545598ef2c6c7bf55dca98a304b52"},
    {file = "pydantic-1.10.7-cp38-cp38-musllinux_1_1_x86_64.whl", hash = "sha256:b0f85904f73161817b80781cc150f8b906d521fa11e3cdabae19a581c3606209"},
    {file = "pydantic-1.10.7-cp38-cp38-win_amd64.whl", hash = "sha256:9f6f0fd68d73257ad6685419478c5aece46432f4bdd8d32c7345f1986496171e"},
    {file = "pydantic-1.10.7-cp39-cp39-macosx_10_9_x86_64.whl", hash = "sha256:c230c0d8a322276d6e7b88c3f7ce885f9ed16e0910354510e0bae84d54991143"},
    {file = "pydantic-1.10.7-cp39-cp39-macosx_11_0_arm64.whl", hash = "sha256:976cae77ba6a49d80f461fd8bba183ff7ba79f44aa5cfa82f1346b5626542f8e"},
    {file = "pydantic-1.10.7-cp39-cp39-manylinux_2_17_x86_64.manylinux2014_x86_64.whl", hash = "sha256:7d45fc99d64af9aaf7e308054a0067fdcd87ffe974f2442312372dfa66e1001d"},
    {file = "pydantic-1.10.7-cp39-cp39-manylinux_2_5_i686.manylinux1_i686.manylinux_2_17_i686.manylinux2014_i686.whl", hash = "sha256:d2a5ebb48958754d386195fe9e9c5106f11275867051bf017a8059410e9abf1f"},
    {file = "pydantic-1.10.7-cp39-cp39-musllinux_1_1_i686.whl", hash = "sha256:abfb7d4a7cd5cc4e1d1887c43503a7c5dd608eadf8bc615413fc498d3e4645cd"},
    {file = "pydantic-1.10.7-cp39-cp39-musllinux_1_1_x86_64.whl", hash = "sha256:80b1fab4deb08a8292d15e43a6edccdffa5377a36a4597bb545b93e79c5ff0a5"},
    {file = "pydantic-1.10.7-cp39-cp39-win_amd64.whl", hash = "sha256:d71e69699498b020ea198468e2480a2f1e7433e32a3a99760058c6520e2bea7e"},
    {file = "pydantic-1.10.7-py3-none-any.whl", hash = "sha256:0cd181f1d0b1d00e2b705f1bf1ac7799a2d938cce3376b8007df62b29be3c2c6"},
    {file = "pydantic-1.10.7.tar.gz", hash = "sha256:cfc83c0678b6ba51b0532bea66860617c4cd4251ecf76e9846fa5a9f3454e97e"},
]
python-dateutil = [
    {file = "python-dateutil-2.8.2.tar.gz", hash = "sha256:0123cacc1627ae19ddf3c27a5de5bd67ee4586fbdd6440d9748f8abb483d3e86"},
    {file = "python_dateutil-2.8.2-py2.py3-none-any.whl", hash = "sha256:961d03dc3453ebbc59dbdea9e4e11c5651520a876d0f4db161e8674aae935da9"},
]
python-dotenv = [
    {file = "python-dotenv-1.0.0.tar.gz", hash = "sha256:a8df96034aae6d2d50a4ebe8216326c61c3eb64836776504fcca410e5937a3ba"},
    {file = "python_dotenv-1.0.0-py3-none-any.whl", hash = "sha256:f5971a9226b701070a4bf2c38c89e5a3f0d64de8debda981d1db98583009122a"},
]
pytz = [
    {file = "pytz-2023.3-py2.py3-none-any.whl", hash = "sha256:a151b3abb88eda1d4e34a9814df37de2a80e301e68ba0fd856fb9b46bfbbbffb"},
    {file = "pytz-2023.3.tar.gz", hash = "sha256:1d8ce29db189191fb55338ee6d0387d82ab59f3d00eac103412d64e0ebd0c588"},
]
regex = [
    {file = "regex-2023.3.23-cp310-cp310-macosx_10_9_x86_64.whl", hash = "sha256:845a5e2d84389c4ddada1a9b95c055320070f18bb76512608374aca00d22eca8"},
    {file = "regex-2023.3.23-cp310-cp310-macosx_11_0_arm64.whl", hash = "sha256:87d9951f5a538dd1d016bdc0dcae59241d15fa94860964833a54d18197fcd134"},
    {file = "regex-2023.3.23-cp310-cp310-manylinux_2_17_aarch64.manylinux2014_aarch64.whl", hash = "sha256:37ae17d3be44c0b3f782c28ae9edd8b47c1f1776d4cabe87edc0b98e1f12b021"},
    {file = "regex-2023.3.23-cp310-cp310-manylinux_2_17_ppc64le.manylinux2014_ppc64le.whl", hash = "sha256:0b8eb1e3bca6b48dc721818a60ae83b8264d4089a4a41d62be6d05316ec38e15"},
    {file = "regex-2023.3.23-cp310-cp310-manylinux_2_17_s390x.manylinux2014_s390x.whl", hash = "sha256:df45fac182ebc3c494460c644e853515cc24f5ad9da05f8ffb91da891bfee879"},
    {file = "regex-2023.3.23-cp310-cp310-manylinux_2_17_x86_64.manylinux2014_x86_64.whl", hash = "sha256:b7006105b10b59971d3b248ad75acc3651c7e4cf54d81694df5a5130a3c3f7ea"},
    {file = "regex-2023.3.23-cp310-cp310-manylinux_2_5_i686.manylinux1_i686.manylinux_2_17_i686.manylinux2014_i686.whl", hash = "sha256:93f3f1aa608380fe294aa4cb82e2afda07a7598e828d0341e124b8fd9327c715"},
    {file = "regex-2023.3.23-cp310-cp310-manylinux_2_5_x86_64.manylinux1_x86_64.manylinux_2_12_x86_64.manylinux2010_x86_64.whl", hash = "sha256:787954f541ab95d8195d97b0b8cf1dc304424adb1e07365967e656b92b38a699"},
    {file = "regex-2023.3.23-cp310-cp310-musllinux_1_1_aarch64.whl", hash = "sha256:20abe0bdf03630fe92ccafc45a599bca8b3501f48d1de4f7d121153350a2f77d"},
    {file = "regex-2023.3.23-cp310-cp310-musllinux_1_1_i686.whl", hash = "sha256:11d00c31aeab9a6e0503bc77e73ed9f4527b3984279d997eb145d7c7be6268fd"},
    {file = "regex-2023.3.23-cp310-cp310-musllinux_1_1_ppc64le.whl", hash = "sha256:d5bbe0e1511b844794a3be43d6c145001626ba9a6c1db8f84bdc724e91131d9d"},
    {file = "regex-2023.3.23-cp310-cp310-musllinux_1_1_s390x.whl", hash = "sha256:ea3c0cb56eadbf4ab2277e7a095676370b3e46dbfc74d5c383bd87b0d6317910"},
    {file = "regex-2023.3.23-cp310-cp310-musllinux_1_1_x86_64.whl", hash = "sha256:d895b4c863059a4934d3e874b90998df774644a41b349ebb330f85f11b4ef2c0"},
    {file = "regex-2023.3.23-cp310-cp310-win32.whl", hash = "sha256:9d764514d19b4edcc75fd8cb1423448ef393e8b6cbd94f38cab983ab1b75855d"},
    {file = "regex-2023.3.23-cp310-cp310-win_amd64.whl", hash = "sha256:11d1f2b7a0696dc0310de0efb51b1f4d813ad4401fe368e83c0c62f344429f98"},
    {file = "regex-2023.3.23-cp311-cp311-macosx_10_9_x86_64.whl", hash = "sha256:8a9c63cde0eaa345795c0fdeb19dc62d22e378c50b0bc67bf4667cd5b482d98b"},
    {file = "regex-2023.3.23-cp311-cp311-macosx_11_0_arm64.whl", hash = "sha256:dd7200b4c27b68cf9c9646da01647141c6db09f48cc5b51bc588deaf8e98a797"},
    {file = "regex-2023.3.23-cp311-cp311-manylinux_2_17_aarch64.manylinux2014_aarch64.whl", hash = "sha256:22720024b90a6ba673a725dcc62e10fb1111b889305d7c6b887ac7466b74bedb"},
    {file = "regex-2023.3.23-cp311-cp311-manylinux_2_17_ppc64le.manylinux2014_ppc64le.whl", hash = "sha256:6b190a339090e6af25f4a5fd9e77591f6d911cc7b96ecbb2114890b061be0ac1"},
    {file = "regex-2023.3.23-cp311-cp311-manylinux_2_17_s390x.manylinux2014_s390x.whl", hash = "sha256:e76b6fc0d8e9efa39100369a9b3379ce35e20f6c75365653cf58d282ad290f6f"},
    {file = "regex-2023.3.23-cp311-cp311-manylinux_2_17_x86_64.manylinux2014_x86_64.whl", hash = "sha256:7868b8f218bf69a2a15402fde08b08712213a1f4b85a156d90473a6fb6b12b09"},
    {file = "regex-2023.3.23-cp311-cp311-manylinux_2_5_i686.manylinux1_i686.manylinux_2_17_i686.manylinux2014_i686.whl", hash = "sha256:2472428efc4127374f494e570e36b30bb5e6b37d9a754f7667f7073e43b0abdd"},
    {file = "regex-2023.3.23-cp311-cp311-musllinux_1_1_aarch64.whl", hash = "sha256:c37df2a060cb476d94c047b18572ee2b37c31f831df126c0da3cd9227b39253d"},
    {file = "regex-2023.3.23-cp311-cp311-musllinux_1_1_i686.whl", hash = "sha256:4479f9e2abc03362df4045b1332d4a2b7885b245a30d4f4b051c4083b97d95d8"},
    {file = "regex-2023.3.23-cp311-cp311-musllinux_1_1_ppc64le.whl", hash = "sha256:e2396e0678167f2d0c197da942b0b3fb48fee2f0b5915a0feb84d11b6686afe6"},
    {file = "regex-2023.3.23-cp311-cp311-musllinux_1_1_s390x.whl", hash = "sha256:75f288c60232a5339e0ff2fa05779a5e9c74e9fc085c81e931d4a264501e745b"},
    {file = "regex-2023.3.23-cp311-cp311-musllinux_1_1_x86_64.whl", hash = "sha256:c869260aa62cee21c5eb171a466c0572b5e809213612ef8d495268cd2e34f20d"},
    {file = "regex-2023.3.23-cp311-cp311-win32.whl", hash = "sha256:25f0532fd0c53e96bad84664171969de9673b4131f2297f1db850d3918d58858"},
    {file = "regex-2023.3.23-cp311-cp311-win_amd64.whl", hash = "sha256:5ccfafd98473e007cebf7da10c1411035b7844f0f204015efd050601906dbb53"},
    {file = "regex-2023.3.23-cp38-cp38-macosx_10_9_x86_64.whl", hash = "sha256:6572ff287176c0fb96568adb292674b421fa762153ed074d94b1d939ed92c253"},
    {file = "regex-2023.3.23-cp38-cp38-macosx_11_0_arm64.whl", hash = "sha256:a610e0adfcb0fc84ea25f6ea685e39e74cbcd9245a72a9a7aab85ff755a5ed27"},
    {file = "regex-2023.3.23-cp38-cp38-manylinux_2_17_aarch64.manylinux2014_aarch64.whl", hash = "sha256:086afe222d58b88b62847bdbd92079b4699350b4acab892f88a935db5707c790"},
    {file = "regex-2023.3.23-cp38-cp38-manylinux_2_17_ppc64le.manylinux2014_ppc64le.whl", hash = "sha256:79e29fd62fa2f597a6754b247356bda14b866131a22444d67f907d6d341e10f3"},
    {file = "regex-2023.3.23-cp38-cp38-manylinux_2_17_s390x.manylinux2014_s390x.whl", hash = "sha256:c07ce8e9eee878a48ebeb32ee661b49504b85e164b05bebf25420705709fdd31"},
    {file = "regex-2023.3.23-cp38-cp38-manylinux_2_17_x86_64.manylinux2014_x86_64.whl", hash = "sha256:86b036f401895e854de9fefe061518e78d506d8a919cc250dc3416bca03f6f9a"},
    {file = "regex-2023.3.23-cp38-cp38-manylinux_2_5_i686.manylinux1_i686.manylinux_2_17_i686.manylinux2014_i686.whl", hash = "sha256:78ac8dd8e18800bb1f97aad0d73f68916592dddf233b99d2b5cabc562088503a"},
    {file = "regex-2023.3.23-cp38-cp38-manylinux_2_5_x86_64.manylinux1_x86_64.manylinux_2_12_x86_64.manylinux2010_x86_64.whl", hash = "sha256:539dd010dc35af935b32f248099e38447bbffc10b59c2b542bceead2bed5c325"},
    {file = "regex-2023.3.23-cp38-cp38-musllinux_1_1_aarch64.whl", hash = "sha256:9bf4a5626f2a0ea006bf81e8963f498a57a47d58907eaa58f4b3e13be68759d8"},
    {file = "regex-2023.3.23-cp38-cp38-musllinux_1_1_i686.whl", hash = "sha256:cf86b4328c204c3f315074a61bc1c06f8a75a8e102359f18ce99fbcbbf1951f0"},
    {file = "regex-2023.3.23-cp38-cp38-musllinux_1_1_ppc64le.whl", hash = "sha256:2848bf76673c83314068241c8d5b7fa9ad9bed866c979875a0e84039349e8fa7"},
    {file = "regex-2023.3.23-cp38-cp38-musllinux_1_1_s390x.whl", hash = "sha256:c125a02d22c555e68f7433bac8449992fa1cead525399f14e47c2d98f2f0e467"},
    {file = "regex-2023.3.23-cp38-cp38-musllinux_1_1_x86_64.whl", hash = "sha256:cd1671e9d5ac05ce6aa86874dd8dfa048824d1dbe73060851b310c6c1a201a96"},
    {file = "regex-2023.3.23-cp38-cp38-win32.whl", hash = "sha256:fffe57312a358be6ec6baeb43d253c36e5790e436b7bf5b7a38df360363e88e9"},
    {file = "regex-2023.3.23-cp38-cp38-win_amd64.whl", hash = "sha256:dbb3f87e15d3dd76996d604af8678316ad2d7d20faa394e92d9394dfd621fd0c"},
    {file = "regex-2023.3.23-cp39-cp39-macosx_10_9_x86_64.whl", hash = "sha256:c88e8c226473b5549fe9616980ea7ca09289246cfbdf469241edf4741a620004"},
    {file = "regex-2023.3.23-cp39-cp39-macosx_11_0_arm64.whl", hash = "sha256:6560776ec19c83f3645bbc5db64a7a5816c9d8fb7ed7201c5bcd269323d88072"},
    {file = "regex-2023.3.23-cp39-cp39-manylinux_2_17_aarch64.manylinux2014_aarch64.whl", hash = "sha256:1b1fc2632c01f42e06173d8dd9bb2e74ab9b0afa1d698058c867288d2c7a31f3"},
    {file = "regex-2023.3.23-cp39-cp39-manylinux_2_17_ppc64le.manylinux2014_ppc64le.whl", hash = "sha256:fdf7ad455f1916b8ea5cdbc482d379f6daf93f3867b4232d14699867a5a13af7"},
    {file = "regex-2023.3.23-cp39-cp39-manylinux_2_17_s390x.manylinux2014_s390x.whl", hash = "sha256:5fc33b27b1d800fc5b78d7f7d0f287e35079ecabe68e83d46930cf45690e1c8c"},
    {file = "regex-2023.3.23-cp39-cp39-manylinux_2_17_x86_64.manylinux2014_x86_64.whl", hash = "sha256:4c49552dc938e3588f63f8a78c86f3c9c75301e813bca0bef13bdb4b87ccf364"},
    {file = "regex-2023.3.23-cp39-cp39-manylinux_2_5_i686.manylinux1_i686.manylinux_2_17_i686.manylinux2014_i686.whl", hash = "sha256:e152461e9a0aedec7d37fc66ec0fa635eca984777d3d3c3e36f53bf3d3ceb16e"},
    {file = "regex-2023.3.23-cp39-cp39-manylinux_2_5_x86_64.manylinux1_x86_64.manylinux_2_12_x86_64.manylinux2010_x86_64.whl", hash = "sha256:db034255e72d2995cf581b14bb3fc9c00bdbe6822b49fcd4eef79e1d5f232618"},
    {file = "regex-2023.3.23-cp39-cp39-musllinux_1_1_aarch64.whl", hash = "sha256:55ae114da21b7a790b90255ea52d2aa3a0d121a646deb2d3c6a3194e722fc762"},
    {file = "regex-2023.3.23-cp39-cp39-musllinux_1_1_i686.whl", hash = "sha256:ef3f528fe1cc3d139508fe1b22523745aa77b9d6cb5b0bf277f48788ee0b993f"},
    {file = "regex-2023.3.23-cp39-cp39-musllinux_1_1_ppc64le.whl", hash = "sha256:a81c9ec59ca2303acd1ccd7b9ac409f1e478e40e96f8f79b943be476c5fdb8bb"},
    {file = "regex-2023.3.23-cp39-cp39-musllinux_1_1_s390x.whl", hash = "sha256:cde09c4fdd070772aa2596d97e942eb775a478b32459e042e1be71b739d08b77"},
    {file = "regex-2023.3.23-cp39-cp39-musllinux_1_1_x86_64.whl", hash = "sha256:3cd9f5dd7b821f141d3a6ca0d5d9359b9221e4f051ca3139320adea9f1679691"},
    {file = "regex-2023.3.23-cp39-cp39-win32.whl", hash = "sha256:7304863f3a652dab5e68e6fb1725d05ebab36ec0390676d1736e0571ebb713ef"},
    {file = "regex-2023.3.23-cp39-cp39-win_amd64.whl", hash = "sha256:54c3fa855a3f7438149de3211738dd9b5f0c733f48b54ae05aa7fce83d48d858"},
    {file = "regex-2023.3.23.tar.gz", hash = "sha256:dc80df325b43ffea5cdea2e3eaa97a44f3dd298262b1c7fe9dbb2a9522b956a7"},
]
six = [
    {file = "six-1.16.0-py2.py3-none-any.whl", hash = "sha256:8abb2f1d86890a2dfb989f9a77cfcfd3e47c2a354b01111771326f8aa26e0254"},
    {file = "six-1.16.0.tar.gz", hash = "sha256:1e61c37477a1626458e36f7b1d82aa5c9b094fa4802892072e49de9c60c4c926"},
]
sqlparse = [
    {file = "sqlparse-0.4.4-py3-none-any.whl", hash = "sha256:5430a4fe2ac7d0f93e66f1efc6e1338a41884b7ddf2a350cedd20ccc4d9d28f3"},
    {file = "sqlparse-0.4.4.tar.gz", hash = "sha256:d446183e84b8349fa3061f0fe7f06ca94ba65b426946ffebe6e3e8295332420c"},
]
text-unidecode = [
    {file = "text-unidecode-1.3.tar.gz", hash = "sha256:bad6603bb14d279193107714b288be206cac565dfa49aa5b105294dd5c4aab93"},
    {file = "text_unidecode-1.3-py2.py3-none-any.whl", hash = "sha256:1311f10e8b895935241623731c2ba64f4c455287888b18189350b67134a822e8"},
]
toml = [
    {file = "toml-0.10.2-py2.py3-none-any.whl", hash = "sha256:806143ae5bfb6a3c6e736a764057db0e6a0e05e338b5630894a5f779cabb4f9b"},
    {file = "toml-0.10.2.tar.gz", hash = "sha256:b3bda1d108d5dd99f4a20d24d9c348e91c4db7ab1b749200bded2f839ccbe68f"},
]
toposort = [
    {file = "toposort-1.10-py3-none-any.whl", hash = "sha256:cbdbc0d0bee4d2695ab2ceec97fe0679e9c10eab4b2a87a9372b929e70563a87"},
    {file = "toposort-1.10.tar.gz", hash = "sha256:bfbb479c53d0a696ea7402601f4e693c97b0367837c8898bc6471adfca37a6bd"},
]
typing-extensions = [
    {file = "typing_extensions-4.5.0-py3-none-any.whl", hash = "sha256:fb33085c39dd998ac16d1431ebc293a8b3eedd00fd4a32de0ff79002c19511b4"},
    {file = "typing_extensions-4.5.0.tar.gz", hash = "sha256:5cb5f4a79139d699607b3ef622a1dedafa84e115ab0024e0d9c044a9479ca7cb"},
]
tzdata = [
    {file = "tzdata-2023.3-py2.py3-none-any.whl", hash = "sha256:7e65763eef3120314099b6939b5546db7adce1e7d6f2e179e3df563c70511eda"},
    {file = "tzdata-2023.3.tar.gz", hash = "sha256:11ef1e08e54acb0d4f95bdb1be05da659673de4acbd21bf9c69e94cc5e907a3a"},
]
